<?xml version="1.0" encoding="utf-8"?>
<Project ToolsVersion="4.0" xmlns="http://schemas.microsoft.com/developer/msbuild/2003">
  <ItemGroup>
    <Filter Include="Source Files">
      <UniqueIdentifier>{4FC737F1-C7A5-4376-A066-2A32D752A2FF}</UniqueIdentifier>
      <Extensions>cpp;c;cc;cxx;c++;cppm;ixx;def;odl;idl;hpj;bat;asm;asmx</Extensions>
    </Filter>
    <Filter Include="Header Files">
      <UniqueIdentifier>{93995380-89BD-4b04-88EB-625FBE52EBFB}</UniqueIdentifier>
      <Extensions>h;hh;hpp;hxx;h++;hm;inl;inc;ipp;xsd</Extensions>
    </Filter>
    <Filter Include="Resource Files">
      <UniqueIdentifier>{67DA6AB6-F800-4c08-8B7A-83BB121AAD01}</UniqueIdentifier>
      <Extensions>rc;ico;cur;bmp;dlg;rc2;rct;bin;rgs;gif;jpg;jpeg;jpe;resx;tiff;tif;png;wav;mfcribbon-ms</Extensions>
    </Filter>
    <Filter Include="Header Files\rapidxml">
      <UniqueIdentifier>{70607042-51a9-4203-898d-151f4cd6a164}</UniqueIdentifier>
    </Filter>
    <Filter Include="Header Files\Containers">
      <UniqueIdentifier>{1cb04ffa-9406-4790-bf58-05208cac9c2f}</UniqueIdentifier>
    </Filter>
    <Filter Include="Source Files\Containers">
      <UniqueIdentifier>{2079b750-4620-44d1-93dd-5c5535b56df7}</UniqueIdentifier>
    </Filter>
    <Filter Include="Header Files\Dialogs">
      <UniqueIdentifier>{fc89b8cb-1269-40d7-bc43-0f89a63526d0}</UniqueIdentifier>
    </Filter>
    <Filter Include="Source Files\Dialogs">
      <UniqueIdentifier>{0232e649-a20b-4bac-9418-87d83188ba3d}</UniqueIdentifier>
    </Filter>
    <Filter Include="Source Files\Controls">
      <UniqueIdentifier>{f586d2d4-768c-4172-81d6-6dee2029d4e8}</UniqueIdentifier>
    </Filter>
    <Filter Include="Header Files\Controls">
      <UniqueIdentifier>{e2754532-c3c7-4b7d-afc9-6299de30f11a}</UniqueIdentifier>
    </Filter>
    <Filter Include="Header Files\uri">
      <UniqueIdentifier>{03d4e956-7422-4117-bfd8-1a29f833727a}</UniqueIdentifier>
    </Filter>
    <Filter Include="Source Files\uri">
      <UniqueIdentifier>{528ca71c-ee35-46f6-956e-054a25b21675}</UniqueIdentifier>
    </Filter>
    <Filter Include="Header Files\fmt">
      <UniqueIdentifier>{41d6241b-388f-4ced-b946-2eed0c8e1860}</UniqueIdentifier>
    </Filter>
    <Filter Include="Source Files\fmt">
      <UniqueIdentifier>{665f0d5b-fb62-44f9-9eb7-cd7c335f380d}</UniqueIdentifier>
    </Filter>
  </ItemGroup>
  <ItemGroup>
    <ClInclude Include="EdemChannelEditor.h">
      <Filter>Header Files</Filter>
    </ClInclude>
    <ClInclude Include="EdemChannelEditorDlg.h">
      <Filter>Header Files</Filter>
    </ClInclude>
    <ClInclude Include="framework.h">
      <Filter>Header Files</Filter>
    </ClInclude>
    <ClInclude Include="targetver.h">
      <Filter>Header Files</Filter>
    </ClInclude>
    <ClInclude Include="Resource.h">
      <Filter>Header Files</Filter>
    </ClInclude>
    <ClInclude Include="StdAfx.h">
      <Filter>Header Files</Filter>
    </ClInclude>
    <ClInclude Include="rapidxml.hpp">
      <Filter>Header Files\rapidxml</Filter>
    </ClInclude>
    <ClInclude Include="rapidxml_iterators.hpp">
      <Filter>Header Files\rapidxml</Filter>
    </ClInclude>
    <ClInclude Include="rapidxml_print.hpp">
      <Filter>Header Files\rapidxml</Filter>
    </ClInclude>
    <ClInclude Include="rapidxml_utils.hpp">
      <Filter>Header Files\rapidxml</Filter>
    </ClInclude>
    <ClInclude Include="ChannelCategory.h">
      <Filter>Header Files\Containers</Filter>
    </ClInclude>
    <ClInclude Include="ChannelInfo.h">
      <Filter>Header Files\Containers</Filter>
    </ClInclude>
    <ClInclude Include="PlayListEntry.h">
      <Filter>Header Files\Containers</Filter>
    </ClInclude>
    <ClInclude Include="utils.h">
      <Filter>Header Files\Containers</Filter>
    </ClInclude>
    <ClInclude Include="IconContainer.h">
      <Filter>Header Files\Containers</Filter>
    </ClInclude>
    <ClInclude Include="Version.h">
      <Filter>Header Files</Filter>
    </ClInclude>
    <ClInclude Include="StreamContainer.h">
      <Filter>Header Files\Containers</Filter>
    </ClInclude>
    <ClInclude Include="AccessDlg.h">
      <Filter>Header Files\Dialogs</Filter>
    </ClInclude>
    <ClInclude Include="AboutDlg.h">
      <Filter>Header Files\Dialogs</Filter>
    </ClInclude>
    <ClInclude Include="FilterDialog.h">
      <Filter>Header Files\Dialogs</Filter>
    </ClInclude>
    <ClInclude Include="SettingsDlg.h">
      <Filter>Header Files\Dialogs</Filter>
    </ClInclude>
    <ClInclude Include="CustomPlaylistDlg.h">
      <Filter>Header Files\Dialogs</Filter>
    </ClInclude>
    <ClInclude Include="TreeCtrlEx.h">
      <Filter>Header Files\Controls</Filter>
    </ClInclude>
    <ClInclude Include="Crc32.h">
      <Filter>Header Files\Controls</Filter>
    </ClInclude>
    <ClInclude Include="PlaylistParseThread.h">
      <Filter>Header Files</Filter>
    </ClInclude>
    <ClInclude Include="map_serializer.h">
      <Filter>Source Files\Containers</Filter>
    </ClInclude>
    <ClInclude Include="BaseInfo.h">
      <Filter>Header Files\Containers</Filter>
    </ClInclude>
    <ClInclude Include="uri_edem.h">
      <Filter>Header Files\uri</Filter>
    </ClInclude>
    <ClInclude Include="uri_base.h">
      <Filter>Header Files\uri</Filter>
    </ClInclude>
    <ClInclude Include="uri_sharavoz.h">
      <Filter>Header Files\uri</Filter>
    </ClInclude>
    <ClInclude Include="uri_channels.h">
      <Filter>Header Files\uri</Filter>
    </ClInclude>
    <ClInclude Include="uri_nostream.h">
      <Filter>Header Files\uri</Filter>
    </ClInclude>
    <ClInclude Include="uri_stream.h">
      <Filter>Header Files\uri</Filter>
    </ClInclude>
    <ClInclude Include="m3u_entry.h">
      <Filter>Header Files\Containers</Filter>
    </ClInclude>
    <ClInclude Include="fmt\chrono.h">
      <Filter>Header Files\fmt</Filter>
    </ClInclude>
    <ClInclude Include="fmt\color.h">
      <Filter>Header Files\fmt</Filter>
    </ClInclude>
    <ClInclude Include="fmt\compile.h">
      <Filter>Header Files\fmt</Filter>
    </ClInclude>
    <ClInclude Include="fmt\core.h">
      <Filter>Header Files\fmt</Filter>
    </ClInclude>
    <ClInclude Include="fmt\format.h">
      <Filter>Header Files\fmt</Filter>
    </ClInclude>
    <ClInclude Include="fmt\format-inl.h">
      <Filter>Header Files\fmt</Filter>
    </ClInclude>
    <ClInclude Include="fmt\locale.h">
      <Filter>Header Files\fmt</Filter>
    </ClInclude>
    <ClInclude Include="fmt\os.h">
      <Filter>Header Files\fmt</Filter>
    </ClInclude>
    <ClInclude Include="fmt\ostream.h">
      <Filter>Header Files\fmt</Filter>
    </ClInclude>
    <ClInclude Include="fmt\posix.h">
      <Filter>Header Files\fmt</Filter>
    </ClInclude>
    <ClInclude Include="fmt\printf.h">
      <Filter>Header Files\fmt</Filter>
    </ClInclude>
    <ClInclude Include="fmt\ranges.h">
      <Filter>Header Files\fmt</Filter>
    </ClInclude>
  </ItemGroup>
  <ItemGroup>
    <ClCompile Include="EdemChannelEditor.cpp">
      <Filter>Source Files</Filter>
    </ClCompile>
    <ClCompile Include="EdemChannelEditorDlg.cpp">
      <Filter>Source Files</Filter>
    </ClCompile>
    <ClCompile Include="StdAfx.cpp">
      <Filter>Source Files</Filter>
    </ClCompile>
    <ClCompile Include="ChannelCategory.cpp">
      <Filter>Source Files\Containers</Filter>
    </ClCompile>
    <ClCompile Include="ChannelInfo.cpp">
      <Filter>Source Files\Containers</Filter>
    </ClCompile>
    <ClCompile Include="PlayListEntry.cpp">
      <Filter>Source Files\Containers</Filter>
    </ClCompile>
    <ClCompile Include="utils.cpp">
      <Filter>Source Files\Containers</Filter>
    </ClCompile>
    <ClCompile Include="AboutDlg.cpp">
      <Filter>Source Files\Dialogs</Filter>
    </ClCompile>
    <ClCompile Include="AccessDlg.cpp">
      <Filter>Source Files\Dialogs</Filter>
    </ClCompile>
    <ClCompile Include="SettingsDlg.cpp">
      <Filter>Source Files\Dialogs</Filter>
    </ClCompile>
    <ClCompile Include="FilterDialog.cpp">
      <Filter>Source Files\Dialogs</Filter>
    </ClCompile>
    <ClCompile Include="CustomPlaylistDlg.cpp">
      <Filter>Source Files\Dialogs</Filter>
    </ClCompile>
    <ClCompile Include="TreeCtrlEx.cpp">
      <Filter>Source Files\Controls</Filter>
    </ClCompile>
    <ClCompile Include="Crc32.cpp">
      <Filter>Source Files\Controls</Filter>
    </ClCompile>
    <ClCompile Include="PlaylistParseThread.cpp">
      <Filter>Source Files</Filter>
    </ClCompile>
    <ClCompile Include="uri_edem.cpp">
      <Filter>Source Files\uri</Filter>
    </ClCompile>
    <ClCompile Include="uri_base.cpp">
      <Filter>Source Files\uri</Filter>
    </ClCompile>
    <ClCompile Include="uri_sharavoz.cpp">
      <Filter>Source Files\uri</Filter>
    </ClCompile>
    <ClCompile Include="uri_channels.cpp">
      <Filter>Source Files\uri</Filter>
    </ClCompile>
    <ClCompile Include="m3u_entry.cpp">
      <Filter>Source Files\Containers</Filter>
    </ClCompile>
    <ClCompile Include="StreamContainer.cpp">
      <Filter>Source Files\Containers</Filter>
    </ClCompile>
    <ClCompile Include="fmt\format.cc">
      <Filter>Source Files\fmt</Filter>
    </ClCompile>
    <ClCompile Include="fmt\os.cc">
      <Filter>Source Files\fmt</Filter>
    </ClCompile>
  </ItemGroup>
  <ItemGroup>
    <ResourceCompile Include="EdemChannelEditor.rc">
      <Filter>Resource Files</Filter>
    </ResourceCompile>
  </ItemGroup>
  <ItemGroup>
    <None Include="res\EdemChannelEditor.rc2">
      <Filter>Resource Files</Filter>
    </None>
  </ItemGroup>
  <ItemGroup>
    <Image Include="res\EdemChannelEditor.ico">
      <Filter>Resource Files</Filter>
    </Image>
    <Image Include="res\QR Code.png">
      <Filter>Resource Files</Filter>
    </Image>
  </ItemGroup>
</Project>