
Microsoft Visual Studio Solution File, Format Version 12.00
# Visual Studio Version 16
VisualStudioVersion = 16.0.30611.23
MinimumVisualStudioVersion = 10.0.40219.1
Project("{8BC9CEB8-8B4A-11D0-8D11-00A0C91BC942}") = "IPTVChannelEditor", "IPTVChannelEditor.vcxproj", "{7B5FAA84-D3E2-4928-973B-080A26E3B95F}"
	ProjectSection(ProjectDependencies) = postProject
		{87675A89-D1C2-4C3D-ABA6-497E75A89962} = {87675A89-D1C2-4C3D-ABA6-497E75A89962}
	EndProjectSection
EndProject
Project("{8BC9CEB8-8B4A-11D0-8D11-00A0C91BC942}") = "7zpp", "SevenZip\7zip\7zpp.VS2019.vcxproj", "{87675A89-D1C2-4C3D-ABA6-497E75A89962}"
EndProject
Project("{8BC9CEB8-8B4A-11D0-8D11-00A0C91BC942}") = "Updater", "Updater\Updater.vcxproj", "{FBEB3518-AA6E-4A59-A8C5-38C58D8EDBB5}"
EndProject
Global
	GlobalSection(SolutionConfigurationPlatforms) = preSolution
		Debug Unicode|x64 = Debug Unicode|x64
		Debug Unicode|x86 = Debug Unicode|x86
		Release Unicode|x64 = Release Unicode|x64
		Release Unicode|x86 = Release Unicode|x86
	EndGlobalSection
	GlobalSection(ProjectConfigurationPlatforms) = postSolution
		{7B5FAA84-D3E2-4928-973B-080A26E3B95F}.Debug Unicode|x64.ActiveCfg = Debug Unicode|x64
		{7B5FAA84-D3E2-4928-973B-080A26E3B95F}.Debug Unicode|x64.Build.0 = Debug Unicode|x64
		{7B5FAA84-D3E2-4928-973B-080A26E3B95F}.Debug Unicode|x86.ActiveCfg = Debug Unicode|Win32
		{7B5FAA84-D3E2-4928-973B-080A26E3B95F}.Debug Unicode|x86.Build.0 = Debug Unicode|Win32
		{7B5FAA84-D3E2-4928-973B-080A26E3B95F}.Release Unicode|x64.ActiveCfg = Release Unicode|x64
		{7B5FAA84-D3E2-4928-973B-080A26E3B95F}.Release Unicode|x64.Build.0 = Release Unicode|x64
		{7B5FAA84-D3E2-4928-973B-080A26E3B95F}.Release Unicode|x86.ActiveCfg = Release Unicode|Win32
		{7B5FAA84-D3E2-4928-973B-080A26E3B95F}.Release Unicode|x86.Build.0 = Release Unicode|Win32
		{87675A89-D1C2-4C3D-ABA6-497E75A89962}.Debug Unicode|x64.ActiveCfg = Debug Unicode|x64
		{87675A89-D1C2-4C3D-ABA6-497E75A89962}.Debug Unicode|x86.ActiveCfg = Debug Unicode|Win32
		{87675A89-D1C2-4C3D-ABA6-497E75A89962}.Debug Unicode|x86.Build.0 = Debug Unicode|Win32
		{87675A89-D1C2-4C3D-ABA6-497E75A89962}.Release Unicode|x64.ActiveCfg = Release Unicode Static|x64
		{87675A89-D1C2-4C3D-ABA6-497E75A89962}.Release Unicode|x64.Build.0 = Release Unicode Static|x64
		{87675A89-D1C2-4C3D-ABA6-497E75A89962}.Release Unicode|x86.ActiveCfg = Release Unicode Static|Win32
		{87675A89-D1C2-4C3D-ABA6-497E75A89962}.Release Unicode|x86.Build.0 = Release Unicode Static|Win32
		{FBEB3518-AA6E-4A59-A8C5-38C58D8EDBB5}.Debug Unicode|x64.ActiveCfg = Debug Unicode|x64
		{FBEB3518-AA6E-4A59-A8C5-38C58D8EDBB5}.Debug Unicode|x64.Build.0 = Debug Unicode|x64
		{FBEB3518-AA6E-4A59-A8C5-38C58D8EDBB5}.Debug Unicode|x86.ActiveCfg = Debug Unicode|Win32
		{FBEB3518-AA6E-4A59-A8C5-38C58D8EDBB5}.Debug Unicode|x86.Build.0 = Debug Unicode|Win32
		{FBEB3518-AA6E-4A59-A8C5-38C58D8EDBB5}.Release Unicode|x64.ActiveCfg = Release Unicode|x64
		{FBEB3518-AA6E-4A59-A8C5-38C58D8EDBB5}.Release Unicode|x64.Build.0 = Release Unicode|x64
		{FBEB3518-AA6E-4A59-A8C5-38C58D8EDBB5}.Release Unicode|x86.ActiveCfg = Release Unicode|Win32
		{FBEB3518-AA6E-4A59-A8C5-38C58D8EDBB5}.Release Unicode|x86.Build.0 = Release Unicode|Win32
	EndGlobalSection
	GlobalSection(SolutionProperties) = preSolution
		HideSolutionNode = FALSE
	EndGlobalSection
	GlobalSection(ExtensibilityGlobals) = postSolution
		SolutionGuid = {5AD78D69-D631-45FA-97BA-596691F0C0D8}
	EndGlobalSection
EndGlobal
