
Microsoft Visual Studio Solution File, Format Version 12.00
# Visual Studio Version 17
VisualStudioVersion = 17.2.32602.215
MinimumVisualStudioVersion = 10.0.40219.1
Project("{8BC9CEB8-8B4A-11D0-8D11-00A0C91BC942}") = "IPTVChannelEditor", "IPTVChannelEditor.vcxproj", "{7B5FAA84-D3E2-4928-973B-080A26E3B95F}"
	ProjectSection(ProjectDependencies) = postProject
		{6CD735D7-4F0F-40DA-BDD6-05FD34B39083} = {6CD735D7-4F0F-40DA-BDD6-05FD34B39083}
		{701BFD08-893D-43FC-B265-F88782EB8C9F} = {701BFD08-893D-43FC-B265-F88782EB8C9F}
		{87675A89-D1C2-4C3D-ABA6-497E75A89962} = {87675A89-D1C2-4C3D-ABA6-497E75A89962}
		{E8CF1ADA-264A-4127-86C2-FD7057D3792C} = {E8CF1ADA-264A-4127-86C2-FD7057D3792C}
		{FBEB3518-AA6E-4A59-A8C5-38C58D8EDBB5} = {FBEB3518-AA6E-4A59-A8C5-38C58D8EDBB5}
	EndProjectSection
EndProject
Project("{8BC9CEB8-8B4A-11D0-8D11-00A0C91BC942}") = "7zpp", "SevenZip\7zip\7zpp.VS2022.vcxproj", "{87675A89-D1C2-4C3D-ABA6-497E75A89962}"
EndProject
Project("{8BC9CEB8-8B4A-11D0-8D11-00A0C91BC942}") = "Updater", "Updater\Updater.vcxproj", "{FBEB3518-AA6E-4A59-A8C5-38C58D8EDBB5}"
	ProjectSection(ProjectDependencies) = postProject
		{6CD735D7-4F0F-40DA-BDD6-05FD34B39083} = {6CD735D7-4F0F-40DA-BDD6-05FD34B39083}
		{701BFD08-893D-43FC-B265-F88782EB8C9F} = {701BFD08-893D-43FC-B265-F88782EB8C9F}
		{87675A89-D1C2-4C3D-ABA6-497E75A89962} = {87675A89-D1C2-4C3D-ABA6-497E75A89962}
	EndProjectSection
EndProject
Project("{8BC9CEB8-8B4A-11D0-8D11-00A0C91BC942}") = "fmt", "fmt.vcxproj", "{701BFD08-893D-43FC-B265-F88782EB8C9F}"
EndProject
Project("{8BC9CEB8-8B4A-11D0-8D11-00A0C91BC942}") = "UtilsLib", "UtilsLib\UtilsLib.vcxproj", "{6CD735D7-4F0F-40DA-BDD6-05FD34B39083}"
EndProject
Project("{8BC9CEB8-8B4A-11D0-8D11-00A0C91BC942}") = "BugTrap", "BugTrap\source\Client\BugTrap.vs2022.vcxproj", "{E8CF1ADA-264A-4127-86C2-FD7057D3792C}"
	ProjectSection(ProjectDependencies) = postProject
		{B5919129-6716-499D-9516-04EC34C86CDF} = {B5919129-6716-499D-9516-04EC34C86CDF}
	EndProjectSection
EndProject
Project("{8BC9CEB8-8B4A-11D0-8D11-00A0C91BC942}") = "zlib", "BugTrap\source\zlib\zlib.vs2022.vcxproj", "{B5919129-6716-499D-9516-04EC34C86CDF}"
EndProject
Global
	GlobalSection(SolutionConfigurationPlatforms) = preSolution
		Debug Unicode|x64 = Debug Unicode|x64
		Debug Unicode|x86 = Debug Unicode|x86
		Release Unicode|x64 = Release Unicode|x64
		Release Unicode|x86 = Release Unicode|x86
	EndGlobalSection
	GlobalSection(ProjectConfigurationPlatforms) = postSolution
		{7B5FAA84-D3E2-4928-973B-080A26E3B95F}.Debug Unicode|x64.ActiveCfg = Debug Unicode|x64
		{7B5FAA84-D3E2-4928-973B-080A26E3B95F}.Debug Unicode|x64.Build.0 = Debug Unicode|x64
		{7B5FAA84-D3E2-4928-973B-080A26E3B95F}.Debug Unicode|x86.ActiveCfg = Debug Unicode|Win32
		{7B5FAA84-D3E2-4928-973B-080A26E3B95F}.Debug Unicode|x86.Build.0 = Debug Unicode|Win32
		{7B5FAA84-D3E2-4928-973B-080A26E3B95F}.Release Unicode|x64.ActiveCfg = Release Unicode|x64
		{7B5FAA84-D3E2-4928-973B-080A26E3B95F}.Release Unicode|x64.Build.0 = Release Unicode|x64
		{7B5FAA84-D3E2-4928-973B-080A26E3B95F}.Release Unicode|x86.ActiveCfg = Release Unicode|Win32
		{7B5FAA84-D3E2-4928-973B-080A26E3B95F}.Release Unicode|x86.Build.0 = Release Unicode|Win32
		{87675A89-D1C2-4C3D-ABA6-497E75A89962}.Debug Unicode|x64.ActiveCfg = Debug Unicode|x64
		{87675A89-D1C2-4C3D-ABA6-497E75A89962}.Debug Unicode|x64.Build.0 = Debug Unicode|x64
		{87675A89-D1C2-4C3D-ABA6-497E75A89962}.Debug Unicode|x86.ActiveCfg = Debug Unicode|Win32
		{87675A89-D1C2-4C3D-ABA6-497E75A89962}.Debug Unicode|x86.Build.0 = Debug Unicode|Win32
		{87675A89-D1C2-4C3D-ABA6-497E75A89962}.Release Unicode|x64.ActiveCfg = Release Unicode|x64
		{87675A89-D1C2-4C3D-ABA6-497E75A89962}.Release Unicode|x64.Build.0 = Release Unicode|x64
		{87675A89-D1C2-4C3D-ABA6-497E75A89962}.Release Unicode|x86.ActiveCfg = Release Unicode|Win32
		{87675A89-D1C2-4C3D-ABA6-497E75A89962}.Release Unicode|x86.Build.0 = Release Unicode|Win32
		{FBEB3518-AA6E-4A59-A8C5-38C58D8EDBB5}.Debug Unicode|x64.ActiveCfg = Debug Unicode|x64
		{FBEB3518-AA6E-4A59-A8C5-38C58D8EDBB5}.Debug Unicode|x64.Build.0 = Debug Unicode|x64
		{FBEB3518-AA6E-4A59-A8C5-38C58D8EDBB5}.Debug Unicode|x86.ActiveCfg = Debug Unicode|Win32
		{FBEB3518-AA6E-4A59-A8C5-38C58D8EDBB5}.Debug Unicode|x86.Build.0 = Debug Unicode|Win32
		{FBEB3518-AA6E-4A59-A8C5-38C58D8EDBB5}.Release Unicode|x64.ActiveCfg = Release Unicode|x64
		{FBEB3518-AA6E-4A59-A8C5-38C58D8EDBB5}.Release Unicode|x64.Build.0 = Release Unicode|x64
		{FBEB3518-AA6E-4A59-A8C5-38C58D8EDBB5}.Release Unicode|x86.ActiveCfg = Release Unicode|Win32
		{FBEB3518-AA6E-4A59-A8C5-38C58D8EDBB5}.Release Unicode|x86.Build.0 = Release Unicode|Win32
		{701BFD08-893D-43FC-B265-F88782EB8C9F}.Debug Unicode|x64.ActiveCfg = Debug Unicode|x64
		{701BFD08-893D-43FC-B265-F88782EB8C9F}.Debug Unicode|x64.Build.0 = Debug Unicode|x64
		{701BFD08-893D-43FC-B265-F88782EB8C9F}.Debug Unicode|x86.ActiveCfg = Debug Unicode|Win32
		{701BFD08-893D-43FC-B265-F88782EB8C9F}.Debug Unicode|x86.Build.0 = Debug Unicode|Win32
		{701BFD08-893D-43FC-B265-F88782EB8C9F}.Release Unicode|x64.ActiveCfg = Release Unicode|x64
		{701BFD08-893D-43FC-B265-F88782EB8C9F}.Release Unicode|x64.Build.0 = Release Unicode|x64
		{701BFD08-893D-43FC-B265-F88782EB8C9F}.Release Unicode|x86.ActiveCfg = Release Unicode|Win32
		{701BFD08-893D-43FC-B265-F88782EB8C9F}.Release Unicode|x86.Build.0 = Release Unicode|Win32
		{6CD735D7-4F0F-40DA-BDD6-05FD34B39083}.Debug Unicode|x64.ActiveCfg = Debug Unicode|x64
		{6CD735D7-4F0F-40DA-BDD6-05FD34B39083}.Debug Unicode|x64.Build.0 = Debug Unicode|x64
		{6CD735D7-4F0F-40DA-BDD6-05FD34B39083}.Debug Unicode|x86.ActiveCfg = Debug Unicode|Win32
		{6CD735D7-4F0F-40DA-BDD6-05FD34B39083}.Debug Unicode|x86.Build.0 = Debug Unicode|Win32
		{6CD735D7-4F0F-40DA-BDD6-05FD34B39083}.Release Unicode|x64.ActiveCfg = Release Unicode|x64
		{6CD735D7-4F0F-40DA-BDD6-05FD34B39083}.Release Unicode|x64.Build.0 = Release Unicode|x64
		{6CD735D7-4F0F-40DA-BDD6-05FD34B39083}.Release Unicode|x86.ActiveCfg = Release Unicode|Win32
		{6CD735D7-4F0F-40DA-BDD6-05FD34B39083}.Release Unicode|x86.Build.0 = Release Unicode|Win32
		{E8CF1ADA-264A-4127-86C2-FD7057D3792C}.Debug Unicode|x64.ActiveCfg = Debug|x64
		{E8CF1ADA-264A-4127-86C2-FD7057D3792C}.Debug Unicode|x64.Build.0 = Debug|x64
		{E8CF1ADA-264A-4127-86C2-FD7057D3792C}.Debug Unicode|x86.ActiveCfg = Unicode Debug|Win32
		{E8CF1ADA-264A-4127-86C2-FD7057D3792C}.Debug Unicode|x86.Build.0 = Unicode Debug|Win32
		{E8CF1ADA-264A-4127-86C2-FD7057D3792C}.Release Unicode|x64.ActiveCfg = Release|x64
		{E8CF1ADA-264A-4127-86C2-FD7057D3792C}.Release Unicode|x64.Build.0 = Release|x64
		{E8CF1ADA-264A-4127-86C2-FD7057D3792C}.Release Unicode|x86.ActiveCfg = Unicode Release|Win32
		{E8CF1ADA-264A-4127-86C2-FD7057D3792C}.Release Unicode|x86.Build.0 = Unicode Release|Win32
		{B5919129-6716-499D-9516-04EC34C86CDF}.Debug Unicode|x64.ActiveCfg = Debug|x64
		{B5919129-6716-499D-9516-04EC34C86CDF}.Debug Unicode|x64.Build.0 = Debug|x64
		{B5919129-6716-499D-9516-04EC34C86CDF}.Debug Unicode|x86.ActiveCfg = Debug|Win32
		{B5919129-6716-499D-9516-04EC34C86CDF}.Debug Unicode|x86.Build.0 = Debug|Win32
		{B5919129-6716-499D-9516-04EC34C86CDF}.Release Unicode|x64.ActiveCfg = Release|x64
		{B5919129-6716-499D-9516-04EC34C86CDF}.Release Unicode|x64.Build.0 = Release|x64
		{B5919129-6716-499D-9516-04EC34C86CDF}.Release Unicode|x86.ActiveCfg = Release|Win32
		{B5919129-6716-499D-9516-04EC34C86CDF}.Release Unicode|x86.Build.0 = Release|Win32
	EndGlobalSection
	GlobalSection(SolutionProperties) = preSolution
		HideSolutionNode = FALSE
	EndGlobalSection
	GlobalSection(ExtensibilityGlobals) = postSolution
		SolutionGuid = {5AD78D69-D631-45FA-97BA-596691F0C0D8}
	EndGlobalSection
EndGlobal
