<?xml version="1.0" encoding="utf-8"?>
<Project ToolsVersion="4.0" xmlns="http://schemas.microsoft.com/developer/msbuild/2003">
  <ItemGroup>
    <Filter Include="Source Files">
      <UniqueIdentifier>{4FC737F1-C7A5-4376-A066-2A32D752A2FF}</UniqueIdentifier>
      <Extensions>cpp;c;cc;cxx;c++;cppm;ixx;def;odl;idl;hpj;bat;asm;asmx</Extensions>
    </Filter>
    <Filter Include="Header Files">
      <UniqueIdentifier>{93995380-89BD-4b04-88EB-625FBE52EBFB}</UniqueIdentifier>
      <Extensions>h;hh;hpp;hxx;h++;hm;inl;inc;ipp;xsd</Extensions>
    </Filter>
    <Filter Include="Resource Files">
      <UniqueIdentifier>{67DA6AB6-F800-4c08-8B7A-83BB121AAD01}</UniqueIdentifier>
      <Extensions>rc;ico;cur;bmp;dlg;rc2;rct;bin;rgs;gif;jpg;jpeg;jpe;resx;tiff;tif;png;wav;mfcribbon-ms</Extensions>
    </Filter>
    <Filter Include="Header Files\Containers">
      <UniqueIdentifier>{1cb04ffa-9406-4790-bf58-05208cac9c2f}</UniqueIdentifier>
    </Filter>
    <Filter Include="Source Files\Containers">
      <UniqueIdentifier>{2079b750-4620-44d1-93dd-5c5535b56df7}</UniqueIdentifier>
    </Filter>
    <Filter Include="Header Files\Dialogs">
      <UniqueIdentifier>{fc89b8cb-1269-40d7-bc43-0f89a63526d0}</UniqueIdentifier>
    </Filter>
    <Filter Include="Source Files\Dialogs">
      <UniqueIdentifier>{0232e649-a20b-4bac-9418-87d83188ba3d}</UniqueIdentifier>
    </Filter>
    <Filter Include="Source Files\Controls">
      <UniqueIdentifier>{f586d2d4-768c-4172-81d6-6dee2029d4e8}</UniqueIdentifier>
    </Filter>
    <Filter Include="Header Files\Controls">
      <UniqueIdentifier>{e2754532-c3c7-4b7d-afc9-6299de30f11a}</UniqueIdentifier>
    </Filter>
    <Filter Include="Header Files\uri">
      <UniqueIdentifier>{03d4e956-7422-4117-bfd8-1a29f833727a}</UniqueIdentifier>
    </Filter>
    <Filter Include="Source Files\uri">
      <UniqueIdentifier>{528ca71c-ee35-46f6-956e-054a25b21675}</UniqueIdentifier>
    </Filter>
    <Filter Include="Header Files\Threads">
      <UniqueIdentifier>{9a2f096a-6b15-4709-863b-04340cbae644}</UniqueIdentifier>
    </Filter>
    <Filter Include="Source Files\Threads">
      <UniqueIdentifier>{78483d34-8bd5-4e6b-8f57-ebf7a940eca5}</UniqueIdentifier>
    </Filter>
  </ItemGroup>
  <ItemGroup>
    <ClInclude Include="IPTVChannelEditor.h">
      <Filter>Header Files</Filter>
    </ClInclude>
    <ClInclude Include="targetver.h">
      <Filter>Header Files</Filter>
    </ClInclude>
    <ClInclude Include="Resource.h">
      <Filter>Header Files</Filter>
    </ClInclude>
    <ClInclude Include="pch.h">
      <Filter>Header Files</Filter>
    </ClInclude>
    <ClInclude Include="ChannelCategory.h">
      <Filter>Header Files\Containers</Filter>
    </ClInclude>
    <ClInclude Include="ChannelInfo.h">
      <Filter>Header Files\Containers</Filter>
    </ClInclude>
    <ClInclude Include="PlayListEntry.h">
      <Filter>Header Files\Containers</Filter>
    </ClInclude>
    <ClInclude Include="IconContainer.h">
      <Filter>Header Files\Containers</Filter>
    </ClInclude>
    <ClInclude Include="Version.h">
      <Filter>Header Files</Filter>
    </ClInclude>
    <ClInclude Include="StreamContainer.h">
      <Filter>Header Files\Containers</Filter>
    </ClInclude>
    <ClInclude Include="AboutDlg.h">
      <Filter>Header Files\Dialogs</Filter>
    </ClInclude>
    <ClInclude Include="FilterDialog.h">
      <Filter>Header Files\Dialogs</Filter>
    </ClInclude>
    <ClInclude Include="MainSettingsPage.h">
      <Filter>Header Files\Dialogs</Filter>
    </ClInclude>
    <ClInclude Include="CustomPlaylistDlg.h">
      <Filter>Header Files\Dialogs</Filter>
    </ClInclude>
    <ClInclude Include="TreeCtrlEx.h">
      <Filter>Header Files\Controls</Filter>
    </ClInclude>
    <ClInclude Include="BaseInfo.h">
      <Filter>Header Files\Containers</Filter>
    </ClInclude>
    <ClInclude Include="uri_edem.h">
      <Filter>Header Files\uri</Filter>
    </ClInclude>
    <ClInclude Include="uri_base.h">
      <Filter>Header Files\uri</Filter>
    </ClInclude>
    <ClInclude Include="uri_sharavoz.h">
      <Filter>Header Files\uri</Filter>
    </ClInclude>
    <ClInclude Include="uri_channels.h">
      <Filter>Header Files\uri</Filter>
    </ClInclude>
    <ClInclude Include="uri_stream.h">
      <Filter>Header Files\uri</Filter>
    </ClInclude>
    <ClInclude Include="m3u_entry.h">
      <Filter>Header Files\Containers</Filter>
    </ClInclude>
    <ClInclude Include="IconCache.h">
      <Filter>Header Files\Containers</Filter>
    </ClInclude>
    <ClInclude Include="ImageContainer.h">
      <Filter>Header Files\Containers</Filter>
    </ClInclude>
    <ClInclude Include="uri_sharaclub.h">
      <Filter>Header Files\uri</Filter>
    </ClInclude>
    <ClInclude Include="IconsListDlg.h">
      <Filter>Header Files\Dialogs</Filter>
    </ClInclude>
    <ClInclude Include="uri_glanz.h">
      <Filter>Header Files\uri</Filter>
    </ClInclude>
    <ClInclude Include="map_serializer.h">
      <Filter>Header Files\Containers</Filter>
    </ClInclude>
    <ClInclude Include="uri_antifriz.h">
      <Filter>Header Files\uri</Filter>
    </ClInclude>
    <ClInclude Include="AccessInfoDlg.h">
      <Filter>Header Files\Dialogs</Filter>
    </ClInclude>
    <ClInclude Include="uri_oneusd.h">
      <Filter>Header Files\uri</Filter>
    </ClInclude>
    <ClInclude Include="uri_fox.h">
      <Filter>Header Files\uri</Filter>
    </ClInclude>
    <ClInclude Include="GetStreamInfoThread.h">
      <Filter>Header Files\Threads</Filter>
    </ClInclude>
    <ClInclude Include="uri_itv.h">
      <Filter>Header Files\uri</Filter>
    </ClInclude>
    <ClInclude Include="uri_onecent.h">
      <Filter>Header Files\uri</Filter>
    </ClInclude>
    <ClInclude Include="uri_sharatv.h">
      <Filter>Header Files\uri</Filter>
    </ClInclude>
    <ClInclude Include="uri_viplime.h">
      <Filter>Header Files\uri</Filter>
    </ClInclude>
    <ClInclude Include="uri_tvteam.h">
      <Filter>Header Files\uri</Filter>
    </ClInclude>
    <ClInclude Include="TrayIcon.h">
      <Filter>Header Files\Controls</Filter>
    </ClInclude>
    <ClInclude Include="Config.h">
      <Filter>Header Files</Filter>
    </ClInclude>
    <ClInclude Include="PlaylistParseM3U8Thread.h">
      <Filter>Header Files\Threads</Filter>
    </ClInclude>
    <ClInclude Include="PlaylistParseXMLThread.h">
      <Filter>Header Files\Threads</Filter>
    </ClInclude>
    <ClInclude Include="uri_oneott.h">
      <Filter>Header Files\uri</Filter>
    </ClInclude>
    <ClInclude Include="IconLinkDlg.h">
      <Filter>Header Files\Dialogs</Filter>
    </ClInclude>
    <ClInclude Include="PathsSettingsPage.h">
      <Filter>Header Files\Dialogs</Filter>
    </ClInclude>
    <ClInclude Include="CMFCEditBrowsCtrlEx.h">
      <Filter>Header Files\Controls</Filter>
    </ClInclude>
    <ClInclude Include="HistoryCombo.h">
      <Filter>Header Files\Controls</Filter>
    </ClInclude>
    <ClInclude Include="NewChannelsListDlg.h">
      <Filter>Header Files</Filter>
    </ClInclude>
    <ClInclude Include="IPTVChannelEditorDlg.h">
      <Filter>Header Files\Dialogs</Filter>
    </ClInclude>
    <ClInclude Include="UpdateSettingsPage.h">
      <Filter>Header Files\Dialogs</Filter>
    </ClInclude>
    <ClInclude Include="uri_lightiptv.h">
      <Filter>Header Files\uri</Filter>
    </ClInclude>
    <ClInclude Include="uri_cbilling.h">
      <Filter>Header Files\uri</Filter>
    </ClInclude>
    <ClInclude Include="uri_ottclub.h">
      <Filter>Header Files\uri</Filter>
    </ClInclude>
    <ClInclude Include="uri_iptvonline.h">
      <Filter>Header Files\uri</Filter>
    </ClInclude>
    <ClInclude Include="uri_vidok.h">
      <Filter>Header Files\uri</Filter>
    </ClInclude>
    <ClInclude Include="uri_shuratv.h">
      <Filter>Header Files\uri</Filter>
    </ClInclude>
    <ClInclude Include="EpgListDlg.h">
      <Filter>Header Files\Dialogs</Filter>
    </ClInclude>
    <ClInclude Include="uri_tvclub.h">
      <Filter>Header Files\uri</Filter>
    </ClInclude>
    <ClInclude Include="EditableListCtrl.h">
      <Filter>Header Files\Controls</Filter>
    </ClInclude>
    <ClInclude Include="InPlaceEdit.h">
      <Filter>Header Files\Controls</Filter>
    </ClInclude>
    <ClInclude Include="UrlDlg.h">
      <Filter>Header Files\Dialogs</Filter>
    </ClInclude>
    <ClInclude Include="epg_iptvx.h">
      <Filter>Header Files\uri</Filter>
    </ClInclude>
    <ClInclude Include="epg_technic.h">
      <Filter>Header Files\uri</Filter>
    </ClInclude>
  </ItemGroup>
  <ItemGroup>
    <ClCompile Include="IPTVChannelEditor.cpp">
      <Filter>Source Files</Filter>
    </ClCompile>
    <ClCompile Include="IPTVChannelEditorDlg.cpp">
      <Filter>Source Files</Filter>
    </ClCompile>
    <ClCompile Include="pch.cpp">
      <Filter>Source Files</Filter>
    </ClCompile>
    <ClCompile Include="ChannelCategory.cpp">
      <Filter>Source Files\Containers</Filter>
    </ClCompile>
    <ClCompile Include="ChannelInfo.cpp">
      <Filter>Source Files\Containers</Filter>
    </ClCompile>
    <ClCompile Include="PlayListEntry.cpp">
      <Filter>Source Files\Containers</Filter>
    </ClCompile>
    <ClCompile Include="AboutDlg.cpp">
      <Filter>Source Files\Dialogs</Filter>
    </ClCompile>
    <ClCompile Include="MainSettingsPage.cpp">
      <Filter>Source Files\Dialogs</Filter>
    </ClCompile>
    <ClCompile Include="FilterDialog.cpp">
      <Filter>Source Files\Dialogs</Filter>
    </ClCompile>
    <ClCompile Include="CustomPlaylistDlg.cpp">
      <Filter>Source Files\Dialogs</Filter>
    </ClCompile>
    <ClCompile Include="TreeCtrlEx.cpp">
      <Filter>Source Files\Controls</Filter>
    </ClCompile>
    <ClCompile Include="uri_edem.cpp">
      <Filter>Source Files\uri</Filter>
    </ClCompile>
    <ClCompile Include="uri_base.cpp">
      <Filter>Source Files\uri</Filter>
    </ClCompile>
    <ClCompile Include="uri_sharavoz.cpp">
      <Filter>Source Files\uri</Filter>
    </ClCompile>
    <ClCompile Include="uri_channels.cpp">
      <Filter>Source Files\uri</Filter>
    </ClCompile>
    <ClCompile Include="m3u_entry.cpp">
      <Filter>Source Files\Containers</Filter>
    </ClCompile>
    <ClCompile Include="StreamContainer.cpp">
      <Filter>Source Files\Containers</Filter>
    </ClCompile>
    <ClCompile Include="uri_sharaclub.cpp">
      <Filter>Source Files\uri</Filter>
    </ClCompile>
    <ClCompile Include="IconsListDlg.cpp">
      <Filter>Source Files\Dialogs</Filter>
    </ClCompile>
    <ClCompile Include="uri_glanz.cpp">
      <Filter>Source Files\uri</Filter>
    </ClCompile>
    <ClCompile Include="uri_antifriz.cpp">
      <Filter>Source Files\uri</Filter>
    </ClCompile>
    <ClCompile Include="AccessInfoDlg.cpp">
      <Filter>Source Files\Dialogs</Filter>
    </ClCompile>
    <ClCompile Include="uri_oneusd.cpp">
      <Filter>Source Files\uri</Filter>
    </ClCompile>
    <ClCompile Include="uri_fox.cpp">
      <Filter>Source Files\uri</Filter>
    </ClCompile>
    <ClCompile Include="GetStreamInfoThread.cpp">
      <Filter>Source Files\Threads</Filter>
    </ClCompile>
    <ClCompile Include="ImageContainer.cpp">
      <Filter>Source Files\Containers</Filter>
    </ClCompile>
    <ClCompile Include="IconCache.cpp">
      <Filter>Source Files\Containers</Filter>
    </ClCompile>
    <ClCompile Include="uri_itv.cpp">
      <Filter>Source Files\uri</Filter>
    </ClCompile>
    <ClCompile Include="uri_onecent.cpp">
      <Filter>Source Files\uri</Filter>
    </ClCompile>
    <ClCompile Include="uri_viplime.cpp">
      <Filter>Source Files\uri</Filter>
    </ClCompile>
    <ClCompile Include="uri_sharatv.cpp">
      <Filter>Source Files\uri</Filter>
    </ClCompile>
    <ClCompile Include="uri_tvteam.cpp">
      <Filter>Source Files\uri</Filter>
    </ClCompile>
    <ClCompile Include="TrayIcon.cpp">
      <Filter>Source Files\Controls</Filter>
    </ClCompile>
    <ClCompile Include="Config.cpp">
      <Filter>Source Files</Filter>
    </ClCompile>
    <ClCompile Include="PlaylistParseM3U8Thread.cpp">
      <Filter>Source Files\Threads</Filter>
    </ClCompile>
    <ClCompile Include="PlaylistParseXMLThread.cpp">
      <Filter>Source Files\Threads</Filter>
    </ClCompile>
    <ClCompile Include="uri_oneott.cpp">
      <Filter>Source Files\uri</Filter>
    </ClCompile>
    <ClCompile Include="IconLinkDlg.cpp">
      <Filter>Source Files\Dialogs</Filter>
    </ClCompile>
    <ClCompile Include="PathsSettingsPage.cpp">
      <Filter>Source Files\Dialogs</Filter>
    </ClCompile>
    <ClCompile Include="HistoryCombo.cpp">
      <Filter>Source Files\Controls</Filter>
    </ClCompile>
    <ClCompile Include="NewChannelsListDlg.cpp">
      <Filter>Source Files\Dialogs</Filter>
    </ClCompile>
    <ClCompile Include="UpdateSettingsPage.cpp">
      <Filter>Source Files\Dialogs</Filter>
    </ClCompile>
    <ClCompile Include="uri_lightiptv.cpp">
      <Filter>Source Files\uri</Filter>
    </ClCompile>
    <ClCompile Include="uri_cbilling.cpp">
      <Filter>Source Files\uri</Filter>
    </ClCompile>
    <ClCompile Include="uri_ottclub.cpp">
      <Filter>Source Files\uri</Filter>
    </ClCompile>
    <ClCompile Include="uri_iptvonline.cpp">
      <Filter>Source Files\uri</Filter>
    </ClCompile>
    <ClCompile Include="uri_vidok.cpp">
      <Filter>Source Files\uri</Filter>
    </ClCompile>
    <ClCompile Include="uri_shuratv.cpp">
      <Filter>Source Files\uri</Filter>
    </ClCompile>
    <ClCompile Include="EpgListDlg.cpp">
      <Filter>Source Files\Dialogs</Filter>
    </ClCompile>
    <ClCompile Include="uri_tvclub.cpp">
      <Filter>Source Files\uri</Filter>
    </ClCompile>
    <ClCompile Include="EditableListCtrl.cpp">
      <Filter>Source Files\Controls</Filter>
    </ClCompile>
    <ClCompile Include="InPlaceEdit.cpp">
      <Filter>Source Files\Controls</Filter>
    </ClCompile>
    <ClCompile Include="UrlDlg.cpp">
      <Filter>Source Files\Dialogs</Filter>
    </ClCompile>
    <ClCompile Include="uri_stream.cpp">
      <Filter>Source Files\uri</Filter>
    </ClCompile>
  </ItemGroup>
  <ItemGroup>
    <ResourceCompile Include="IPTVChannelEditor.rc">
      <Filter>Resource Files</Filter>
    </ResourceCompile>
  </ItemGroup>
  <ItemGroup>
    <None Include="res\IPTVChannelEditor.rc2">
      <Filter>Resource Files</Filter>
    </None>
    <None Include="Changelog.md" />
    <None Include="Readme.md" />
  </ItemGroup>
  <ItemGroup>
    <Image Include="res\IPTVChannelEditor.ico">
      <Filter>Resource Files</Filter>
    </Image>
    <Image Include="res\QR Code.png">
      <Filter>Resource Files</Filter>
    </Image>
  </ItemGroup>
</Project>